
Microsoft Visual Studio Solution File, Format Version 12.00
# Visual Studio Version 16
VisualStudioVersion = 16.0.29806.167
MinimumVisualStudioVersion = 10.0.40219.1
Project("{FAE04EC0-301F-11D3-BF4B-00C04F79EFBC}") = "ChapeauUI", "ChapeauUI\ChapeauUI.csproj", "{12CD132C-9823-4C0F-AFDE-BCF7E4E38594}"
EndProject
Project("{FAE04EC0-301F-11D3-BF4B-00C04F79EFBC}") = "ChapeauModel", "ChapeauModel\ChapeauModel.csproj", "{E27B3406-07EF-4E73-943A-B9CD25D48295}"
EndProject
Project("{FAE04EC0-301F-11D3-BF4B-00C04F79EFBC}") = "ChapeauDAL", "ChapeauDAL\ChapeauDAL.csproj", "{33A1E123-5476-4214-B42A-204102B0F4D8}"
EndProject
Project("{FAE04EC0-301F-11D3-BF4B-00C04F79EFBC}") = "ChapeauLogic", "ChapeauLogic\ChapeauLogic.csproj", "{02443BC9-9B2C-465C-99D5-BA0AFE220681}"
EndProject
Global
	GlobalSection(SolutionConfigurationPlatforms) = preSolution
		Debug|Any CPU = Debug|Any CPU
		Release|Any CPU = Release|Any CPU
	EndGlobalSection
	GlobalSection(ProjectConfigurationPlatforms) = postSolution
		{12CD132C-9823-4C0F-AFDE-BCF7E4E38594}.Debug|Any CPU.ActiveCfg = Debug|Any CPU
		{12CD132C-9823-4C0F-AFDE-BCF7E4E38594}.Debug|Any CPU.Build.0 = Debug|Any CPU
		{12CD132C-9823-4C0F-AFDE-BCF7E4E38594}.Release|Any CPU.ActiveCfg = Release|Any CPU
		{12CD132C-9823-4C0F-AFDE-BCF7E4E38594}.Release|Any CPU.Build.0 = Release|Any CPU
		{E27B3406-07EF-4E73-943A-B9CD25D48295}.Debug|Any CPU.ActiveCfg = Debug|Any CPU
		{E27B3406-07EF-4E73-943A-B9CD25D48295}.Debug|Any CPU.Build.0 = Debug|Any CPU
		{E27B3406-07EF-4E73-943A-B9CD25D48295}.Release|Any CPU.ActiveCfg = Release|Any CPU
		{E27B3406-07EF-4E73-943A-B9CD25D48295}.Release|Any CPU.Build.0 = Release|Any CPU
		{33A1E123-5476-4214-B42A-204102B0F4D8}.Debug|Any CPU.ActiveCfg = Debug|Any CPU
		{33A1E123-5476-4214-B42A-204102B0F4D8}.Debug|Any CPU.Build.0 = Debug|Any CPU
		{33A1E123-5476-4214-B42A-204102B0F4D8}.Release|Any CPU.ActiveCfg = Release|Any CPU
		{33A1E123-5476-4214-B42A-204102B0F4D8}.Release|Any CPU.Build.0 = Release|Any CPU
		{02443BC9-9B2C-465C-99D5-BA0AFE220681}.Debug|Any CPU.ActiveCfg = Debug|Any CPU
		{02443BC9-9B2C-465C-99D5-BA0AFE220681}.Debug|Any CPU.Build.0 = Debug|Any CPU
		{02443BC9-9B2C-465C-99D5-BA0AFE220681}.Release|Any CPU.ActiveCfg = Release|Any CPU
		{02443BC9-9B2C-465C-99D5-BA0AFE220681}.Release|Any CPU.Build.0 = Release|Any CPU
	EndGlobalSection
	GlobalSection(SolutionProperties) = preSolution
		HideSolutionNode = FALSE
	EndGlobalSection
	GlobalSection(ExtensibilityGlobals) = postSolution
		SolutionGuid = {1462D02B-1E2F-4A46-9DAD-174EC27E4A20}
	EndGlobalSection
EndGlobal
